
Microsoft Visual Studio Solution File, Format Version 12.00
# Visual Studio Version 17
VisualStudioVersion = 17.14.36414.22 d17.14
MinimumVisualStudioVersion = 10.0.40219.1
Project("{FAE04EC0-301F-11D3-BF4B-00C04F79EFBC}") = "PORTFOLIO", "PORTFOLIO\PORTFOLIO.csproj", "{D175C3BB-3530-4015-8367-14E93FC2CF24}"
EndProject
Global
	GlobalSection(SolutionConfigurationPlatforms) = preSolution
		Debug|Any CPU = Debug|Any CPU
		Release|Any CPU = Release|Any CPU
	EndGlobalSection
	GlobalSection(ProjectConfigurationPlatforms) = postSolution
		{D175C3BB-3530-4015-8367-14E93FC2CF24}.Debug|Any CPU.ActiveCfg = Debug|Any CPU
		{D175C3BB-3530-4015-8367-14E93FC2CF24}.Debug|Any CPU.Build.0 = Debug|Any CPU
		{D175C3BB-3530-4015-8367-14E93FC2CF24}.Release|Any CPU.ActiveCfg = Release|Any CPU
		{D175C3BB-3530-4015-8367-14E93FC2CF24}.Release|Any CPU.Build.0 = Release|Any CPU
	EndGlobalSection
	GlobalSection(SolutionProperties) = preSolution
		HideSolutionNode = FALSE
	EndGlobalSection
	GlobalSection(ExtensibilityGlobals) = postSolution
		SolutionGuid = {054DDED6-2B21-4C02-98DA-B67E160AF813}
	EndGlobalSection
EndGlobal
